
Microsoft Visual Studio Solution File, Format Version 12.00
# Visual Studio 15
VisualStudioVersion = 15.0.28307.539
MinimumVisualStudioVersion = 10.0.40219.1
Project("{FAE04EC0-301F-11D3-BF4B-00C04F79EFBC}") = "CMD", "CMD\CMD.csproj", "{0FB4762E-38EF-47AB-A6E2-B9C1B7B84520}"
EndProject
Global
	GlobalSection(SolutionConfigurationPlatforms) = preSolution
		Debug|Any CPU = Debug|Any CPU
		Release|Any CPU = Release|Any CPU
	EndGlobalSection
	GlobalSection(ProjectConfigurationPlatforms) = postSolution
		{0FB4762E-38EF-47AB-A6E2-B9C1B7B84520}.Debug|Any CPU.ActiveCfg = Debug|Any CPU
		{0FB4762E-38EF-47AB-A6E2-B9C1B7B84520}.Debug|Any CPU.Build.0 = Debug|Any CPU
		{0FB4762E-38EF-47AB-A6E2-B9C1B7B84520}.Release|Any CPU.ActiveCfg = Release|Any CPU
		{0FB4762E-38EF-47AB-A6E2-B9C1B7B84520}.Release|Any CPU.Build.0 = Release|Any CPU
	EndGlobalSection
	GlobalSection(SolutionProperties) = preSolution
		HideSolutionNode = FALSE
	EndGlobalSection
	GlobalSection(ExtensibilityGlobals) = postSolution
		SolutionGuid = {C2EB8E9F-8D05-4EC3-8645-EFA143C09F6F}
	EndGlobalSection
EndGlobal
